
Microsoft Visual Studio Solution File, Format Version 12.00
# Visual Studio Version 16
VisualStudioVersion = 16.0.32106.194
MinimumVisualStudioVersion = 10.0.40219.1
Project("{FAE04EC0-301F-11D3-BF4B-00C04F79EFBC}") = "NoSfxSound", "NoSfxSound.csproj", "{825CDDC4-38CE-4E3E-84A0-E292B5E60C87}"
EndProject
Global
	GlobalSection(SolutionConfigurationPlatforms) = preSolution
		Debug|Any CPU = Debug|Any CPU
		Release|Any CPU = Release|Any CPU
	EndGlobalSection
	GlobalSection(ProjectConfigurationPlatforms) = postSolution
		{825CDDC4-38CE-4E3E-84A0-E292B5E60C87}.Debug|Any CPU.ActiveCfg = Debug|Any CPU
		{825CDDC4-38CE-4E3E-84A0-E292B5E60C87}.Debug|Any CPU.Build.0 = Debug|Any CPU
		{825CDDC4-38CE-4E3E-84A0-E292B5E60C87}.Release|Any CPU.ActiveCfg = Release|Any CPU
		{825CDDC4-38CE-4E3E-84A0-E292B5E60C87}.Release|Any CPU.Build.0 = Release|Any CPU
	EndGlobalSection
	GlobalSection(SolutionProperties) = preSolution
		HideSolutionNode = FALSE
	EndGlobalSection
	GlobalSection(ExtensibilityGlobals) = postSolution
		SolutionGuid = {D8B14CFF-3B3F-4A7E-A95F-49423F1C4E67}
	EndGlobalSection
EndGlobal
